
Microsoft Visual Studio Solution File, Format Version 12.00
# Visual Studio 15
VisualStudioVersion = 15.0.28010.2016
MinimumVisualStudioVersion = 10.0.40219.1
Project("{8BC9CEB8-8B4A-11D0-8D11-00A0C91BC942}") = "GameLogic", "Projects\GameLogic\GameLogic.vcxproj", "{28FC9FBF-C637-44FD-998D-F89588966155}"
EndProject
Project("{8BC9CEB8-8B4A-11D0-8D11-00A0C91BC942}") = "Main", "Projects\Main\Main.vcxproj", "{DF65EDEC-9B9D-47BB-8E7E-4F972DEC89DF}"
EndProject
Project("{8BC9CEB8-8B4A-11D0-8D11-00A0C91BC942}") = "Physx_Interface", "Projects\Physx_Interface\Physx_Interface.vcxproj", "{15A0C92B-437C-4830-8A3F-66F535584D2C}"
EndProject
Project("{8BC9CEB8-8B4A-11D0-8D11-00A0C91BC942}") = "Utils", "Projects\Utils\Utils.vcxproj", "{AB0FE5AE-C6F3-4ECE-AC9F-1F6556E33454}"
EndProject
Project("{8BC9CEB8-8B4A-11D0-8D11-00A0C91BC942}") = "Ogre_Interface", "Projects\Ogre_Interface\Ogre_Interface.vcxproj", "{E79D8E14-ED48-48ED-B2A8-627D69807C75}"
EndProject
Project("{8BC9CEB8-8B4A-11D0-8D11-00A0C91BC942}") = "Sound_Interface", "Projects\Sound_Interface\Sound_Interface.vcxproj", "{A31FAB00-C6D4-4D50-8A72-EC9DC428E503}"
EndProject
Global
	GlobalSection(SolutionConfigurationPlatforms) = preSolution
		Debug|x64 = Debug|x64
		Debug|x86 = Debug|x86
		Release|x64 = Release|x64
		Release|x86 = Release|x86
	EndGlobalSection
	GlobalSection(ProjectConfigurationPlatforms) = postSolution
		{28FC9FBF-C637-44FD-998D-F89588966155}.Debug|x64.ActiveCfg = Debug|x64
		{28FC9FBF-C637-44FD-998D-F89588966155}.Debug|x64.Build.0 = Debug|x64
		{28FC9FBF-C637-44FD-998D-F89588966155}.Debug|x86.ActiveCfg = Debug|Win32
		{28FC9FBF-C637-44FD-998D-F89588966155}.Debug|x86.Build.0 = Debug|Win32
		{28FC9FBF-C637-44FD-998D-F89588966155}.Release|x64.ActiveCfg = Release|x64
		{28FC9FBF-C637-44FD-998D-F89588966155}.Release|x64.Build.0 = Release|x64
		{28FC9FBF-C637-44FD-998D-F89588966155}.Release|x86.ActiveCfg = Release|Win32
		{28FC9FBF-C637-44FD-998D-F89588966155}.Release|x86.Build.0 = Release|Win32
		{DF65EDEC-9B9D-47BB-8E7E-4F972DEC89DF}.Debug|x64.ActiveCfg = Debug|x64
		{DF65EDEC-9B9D-47BB-8E7E-4F972DEC89DF}.Debug|x64.Build.0 = Debug|x64
		{DF65EDEC-9B9D-47BB-8E7E-4F972DEC89DF}.Debug|x86.ActiveCfg = Debug|Win32
		{DF65EDEC-9B9D-47BB-8E7E-4F972DEC89DF}.Debug|x86.Build.0 = Debug|Win32
		{DF65EDEC-9B9D-47BB-8E7E-4F972DEC89DF}.Release|x64.ActiveCfg = Release|x64
		{DF65EDEC-9B9D-47BB-8E7E-4F972DEC89DF}.Release|x64.Build.0 = Release|x64
		{DF65EDEC-9B9D-47BB-8E7E-4F972DEC89DF}.Release|x86.ActiveCfg = Release|Win32
		{DF65EDEC-9B9D-47BB-8E7E-4F972DEC89DF}.Release|x86.Build.0 = Release|Win32
		{15A0C92B-437C-4830-8A3F-66F535584D2C}.Debug|x64.ActiveCfg = Debug|x64
		{15A0C92B-437C-4830-8A3F-66F535584D2C}.Debug|x64.Build.0 = Debug|x64
		{15A0C92B-437C-4830-8A3F-66F535584D2C}.Debug|x86.ActiveCfg = Debug|Win32
		{15A0C92B-437C-4830-8A3F-66F535584D2C}.Debug|x86.Build.0 = Debug|Win32
		{15A0C92B-437C-4830-8A3F-66F535584D2C}.Release|x64.ActiveCfg = Release|x64
		{15A0C92B-437C-4830-8A3F-66F535584D2C}.Release|x64.Build.0 = Release|x64
		{15A0C92B-437C-4830-8A3F-66F535584D2C}.Release|x86.ActiveCfg = Release|Win32
		{15A0C92B-437C-4830-8A3F-66F535584D2C}.Release|x86.Build.0 = Release|Win32
		{AB0FE5AE-C6F3-4ECE-AC9F-1F6556E33454}.Debug|x64.ActiveCfg = Debug|x64
		{AB0FE5AE-C6F3-4ECE-AC9F-1F6556E33454}.Debug|x64.Build.0 = Debug|x64
		{AB0FE5AE-C6F3-4ECE-AC9F-1F6556E33454}.Debug|x86.ActiveCfg = Debug|Win32
		{AB0FE5AE-C6F3-4ECE-AC9F-1F6556E33454}.Debug|x86.Build.0 = Debug|Win32
		{AB0FE5AE-C6F3-4ECE-AC9F-1F6556E33454}.Release|x64.ActiveCfg = Release|x64
		{AB0FE5AE-C6F3-4ECE-AC9F-1F6556E33454}.Release|x64.Build.0 = Release|x64
		{AB0FE5AE-C6F3-4ECE-AC9F-1F6556E33454}.Release|x86.ActiveCfg = Release|Win32
		{AB0FE5AE-C6F3-4ECE-AC9F-1F6556E33454}.Release|x86.Build.0 = Release|Win32
		{E79D8E14-ED48-48ED-B2A8-627D69807C75}.Debug|x64.ActiveCfg = Debug|x64
		{E79D8E14-ED48-48ED-B2A8-627D69807C75}.Debug|x64.Build.0 = Debug|x64
		{E79D8E14-ED48-48ED-B2A8-627D69807C75}.Debug|x86.ActiveCfg = Debug|Win32
		{E79D8E14-ED48-48ED-B2A8-627D69807C75}.Debug|x86.Build.0 = Debug|Win32
		{E79D8E14-ED48-48ED-B2A8-627D69807C75}.Release|x64.ActiveCfg = Release|x64
		{E79D8E14-ED48-48ED-B2A8-627D69807C75}.Release|x64.Build.0 = Release|x64
		{E79D8E14-ED48-48ED-B2A8-627D69807C75}.Release|x86.ActiveCfg = Release|Win32
		{E79D8E14-ED48-48ED-B2A8-627D69807C75}.Release|x86.Build.0 = Release|Win32
		{A31FAB00-C6D4-4D50-8A72-EC9DC428E503}.Debug|x64.ActiveCfg = Debug|x64
		{A31FAB00-C6D4-4D50-8A72-EC9DC428E503}.Debug|x64.Build.0 = Debug|x64
		{A31FAB00-C6D4-4D50-8A72-EC9DC428E503}.Debug|x86.ActiveCfg = Debug|Win32
		{A31FAB00-C6D4-4D50-8A72-EC9DC428E503}.Debug|x86.Build.0 = Debug|Win32
		{A31FAB00-C6D4-4D50-8A72-EC9DC428E503}.Release|x64.ActiveCfg = Release|x64
		{A31FAB00-C6D4-4D50-8A72-EC9DC428E503}.Release|x64.Build.0 = Release|x64
		{A31FAB00-C6D4-4D50-8A72-EC9DC428E503}.Release|x86.ActiveCfg = Release|Win32
		{A31FAB00-C6D4-4D50-8A72-EC9DC428E503}.Release|x86.Build.0 = Release|Win32
	EndGlobalSection
	GlobalSection(SolutionProperties) = preSolution
		HideSolutionNode = FALSE
	EndGlobalSection
	GlobalSection(ExtensibilityGlobals) = postSolution
		SolutionGuid = {7B68C954-DB12-4A9F-AC5B-0D5F749BFB67}
	EndGlobalSection
EndGlobal
